// !$*UTF8*$!
{
	archiveVersion = 1;
	classes = {
	};
	objectVersion = 55;
	objects = {

/* Begin PBXBuildFile section */
		74DEEB1E28D843AB002581B3 /* AppDelegate.swift in Sources */ = {isa = PBXBuildFile; fileRef = 74DEEB1D28D843AB002581B3 /* AppDelegate.swift */; };
		74DEEB2028D843AB002581B3 /* SceneDelegate.swift in Sources */ = {isa = PBXBuildFile; fileRef = 74DEEB1F28D843AB002581B3 /* SceneDelegate.swift */; };
		74DEEB2728D843AB002581B3 /* Assets.xcassets in Resources */ = {isa = PBXBuildFile; fileRef = 74DEEB2628D843AB002581B3 /* Assets.xcassets */; };
		74DEEB2A28D843AB002581B3 /* LaunchScreen.storyboard in Resources */ = {isa = PBXBuildFile; fileRef = 74DEEB2828D843AB002581B3 /* LaunchScreen.storyboard */; };
		74DEEB3528D843AC002581B3 /* CloudKit_PracticeTests.swift in Sources */ = {isa = PBXBuildFile; fileRef = 74DEEB3428D843AC002581B3 /* CloudKit_PracticeTests.swift */; };
		74DEEB3F28D843AC002581B3 /* CloudKit_PracticeUITests.swift in Sources */ = {isa = PBXBuildFile; fileRef = 74DEEB3E28D843AC002581B3 /* CloudKit_PracticeUITests.swift */; };
		74DEEB4128D843AC002581B3 /* CloudKit_PracticeUITestsLaunchTests.swift in Sources */ = {isa = PBXBuildFile; fileRef = 74DEEB4028D843AC002581B3 /* CloudKit_PracticeUITestsLaunchTests.swift */; };
		74DEEB5028D843DD002581B3 /* CloudKit.framework in Frameworks */ = {isa = PBXBuildFile; fileRef = 74DEEB4F28D843DD002581B3 /* CloudKit.framework */; };
		74DEEB5D28DD7FE6002581B3 /* MainVC.swift in Sources */ = {isa = PBXBuildFile; fileRef = 74DEEB5B28DD7FE6002581B3 /* MainVC.swift */; };
		74DEEB5E28DD7FE6002581B3 /* MainVC.xib in Resources */ = {isa = PBXBuildFile; fileRef = 74DEEB5C28DD7FE6002581B3 /* MainVC.xib */; };
		74DEEB6228DDA3A5002581B3 /* NameTableViewCell.swift in Sources */ = {isa = PBXBuildFile; fileRef = 74DEEB6028DDA3A5002581B3 /* NameTableViewCell.swift */; };
		74DEEB6328DDA3A5002581B3 /* NameTableViewCell.xib in Resources */ = {isa = PBXBuildFile; fileRef = 74DEEB6128DDA3A5002581B3 /* NameTableViewCell.xib */; };
		74DEEB6528DDBA3F002581B3 /* People.swift in Sources */ = {isa = PBXBuildFile; fileRef = 74DEEB6428DDBA3F002581B3 /* People.swift */; };
/* End PBXBuildFile section */

/* Begin PBXContainerItemProxy section */
		74DEEB3128D843AC002581B3 /* PBXContainerItemProxy */ = {
			isa = PBXContainerItemProxy;
			containerPortal = 74DEEB1228D843AB002581B3 /* Project object */;
			proxyType = 1;
			remoteGlobalIDString = 74DEEB1928D843AB002581B3;
			remoteInfo = "CloudKit-Practice";
		};
		74DEEB3B28D843AC002581B3 /* PBXContainerItemProxy */ = {
			isa = PBXContainerItemProxy;
			containerPortal = 74DEEB1228D843AB002581B3 /* Project object */;
			proxyType = 1;
			remoteGlobalIDString = 74DEEB1928D843AB002581B3;
			remoteInfo = "CloudKit-Practice";
		};
/* End PBXContainerItemProxy section */

/* Begin PBXFileReference section */
		74DEEB1A28D843AB002581B3 /* CloudKit-Practice.app */ = {isa = PBXFileReference; explicitFileType = wrapper.application; includeInIndex = 0; path = "CloudKit-Practice.app"; sourceTree = BUILT_PRODUCTS_DIR; };
		74DEEB1D28D843AB002581B3 /* AppDelegate.swift */ = {isa = PBXFileReference; lastKnownFileType = sourcecode.swift; path = AppDelegate.swift; sourceTree = "<group>"; };
		74DEEB1F28D843AB002581B3 /* SceneDelegate.swift */ = {isa = PBXFileReference; lastKnownFileType = sourcecode.swift; path = SceneDelegate.swift; sourceTree = "<group>"; };
		74DEEB2628D843AB002581B3 /* Assets.xcassets */ = {isa = PBXFileReference; lastKnownFileType = folder.assetcatalog; path = Assets.xcassets; sourceTree = "<group>"; };
		74DEEB2928D843AB002581B3 /* Base */ = {isa = PBXFileReference; lastKnownFileType = file.storyboard; name = Base; path = Base.lproj/LaunchScreen.storyboard; sourceTree = "<group>"; };
		74DEEB2B28D843AB002581B3 /* Info.plist */ = {isa = PBXFileReference; lastKnownFileType = text.plist.xml; path = Info.plist; sourceTree = "<group>"; };
		74DEEB3028D843AC002581B3 /* CloudKit-PracticeTests.xctest */ = {isa = PBXFileReference; explicitFileType = wrapper.cfbundle; includeInIndex = 0; path = "CloudKit-PracticeTests.xctest"; sourceTree = BUILT_PRODUCTS_DIR; };
		74DEEB3428D843AC002581B3 /* CloudKit_PracticeTests.swift */ = {isa = PBXFileReference; lastKnownFileType = sourcecode.swift; path = CloudKit_PracticeTests.swift; sourceTree = "<group>"; };
		74DEEB3A28D843AC002581B3 /* CloudKit-PracticeUITests.xctest */ = {isa = PBXFileReference; explicitFileType = wrapper.cfbundle; includeInIndex = 0; path = "CloudKit-PracticeUITests.xctest"; sourceTree = BUILT_PRODUCTS_DIR; };
		74DEEB3E28D843AC002581B3 /* CloudKit_PracticeUITests.swift */ = {isa = PBXFileReference; lastKnownFileType = sourcecode.swift; path = CloudKit_PracticeUITests.swift; sourceTree = "<group>"; };
		74DEEB4028D843AC002581B3 /* CloudKit_PracticeUITestsLaunchTests.swift */ = {isa = PBXFileReference; lastKnownFileType = sourcecode.swift; path = CloudKit_PracticeUITestsLaunchTests.swift; sourceTree = "<group>"; };
		74DEEB4D28D843D5002581B3 /* CloudKit-Practice.entitlements */ = {isa = PBXFileReference; lastKnownFileType = text.plist.entitlements; path = "CloudKit-Practice.entitlements"; sourceTree = "<group>"; };
		74DEEB4F28D843DD002581B3 /* CloudKit.framework */ = {isa = PBXFileReference; lastKnownFileType = wrapper.framework; name = CloudKit.framework; path = System/Library/Frameworks/CloudKit.framework; sourceTree = SDKROOT; };
		74DEEB5B28DD7FE6002581B3 /* MainVC.swift */ = {isa = PBXFileReference; lastKnownFileType = sourcecode.swift; path = MainVC.swift; sourceTree = "<group>"; };
		74DEEB5C28DD7FE6002581B3 /* MainVC.xib */ = {isa = PBXFileReference; lastKnownFileType = file.xib; path = MainVC.xib; sourceTree = "<group>"; };
		74DEEB6028DDA3A5002581B3 /* NameTableViewCell.swift */ = {isa = PBXFileReference; lastKnownFileType = sourcecode.swift; path = NameTableViewCell.swift; sourceTree = "<group>"; };
		74DEEB6128DDA3A5002581B3 /* NameTableViewCell.xib */ = {isa = PBXFileReference; lastKnownFileType = file.xib; path = NameTableViewCell.xib; sourceTree = "<group>"; };
		74DEEB6428DDBA3F002581B3 /* People.swift */ = {isa = PBXFileReference; lastKnownFileType = sourcecode.swift; path = People.swift; sourceTree = "<group>"; };
/* End PBXFileReference section */

/* Begin PBXFrameworksBuildPhase section */
		74DEEB1728D843AB002581B3 /* Frameworks */ = {
			isa = PBXFrameworksBuildPhase;
			buildActionMask = 2147483647;
			files = (
				74DEEB5028D843DD002581B3 /* CloudKit.framework in Frameworks */,
			);
			runOnlyForDeploymentPostprocessing = 0;
		};
		74DEEB2D28D843AC002581B3 /* Frameworks */ = {
			isa = PBXFrameworksBuildPhase;
			buildActionMask = 2147483647;
			files = (
			);
			runOnlyForDeploymentPostprocessing = 0;
		};
		74DEEB3728D843AC002581B3 /* Frameworks */ = {
			isa = PBXFrameworksBuildPhase;
			buildActionMask = 2147483647;
			files = (
			);
			runOnlyForDeploymentPostprocessing = 0;
		};
/* End PBXFrameworksBuildPhase section */

/* Begin PBXGroup section */
		74DEEB1128D843AB002581B3 = {
			isa = PBXGroup;
			children = (
				74DEEB1C28D843AB002581B3 /* CloudKit-Practice */,
				74DEEB3328D843AC002581B3 /* CloudKit-PracticeTests */,
				74DEEB3D28D843AC002581B3 /* CloudKit-PracticeUITests */,
				74DEEB1B28D843AB002581B3 /* Products */,
				74DEEB4E28D843DD002581B3 /* Frameworks */,
			);
			sourceTree = "<group>";
		};
		74DEEB1B28D843AB002581B3 /* Products */ = {
			isa = PBXGroup;
			children = (
				74DEEB1A28D843AB002581B3 /* CloudKit-Practice.app */,
				74DEEB3028D843AC002581B3 /* CloudKit-PracticeTests.xctest */,
				74DEEB3A28D843AC002581B3 /* CloudKit-PracticeUITests.xctest */,
			);
			name = Products;
			sourceTree = "<group>";
		};
		74DEEB1C28D843AB002581B3 /* CloudKit-Practice */ = {
			isa = PBXGroup;
			children = (
				74DEEB5F28DDA386002581B3 /* MainVC */,
				74DEEB4D28D843D5002581B3 /* CloudKit-Practice.entitlements */,
				74DEEB1D28D843AB002581B3 /* AppDelegate.swift */,
				74DEEB1F28D843AB002581B3 /* SceneDelegate.swift */,
				74DEEB2628D843AB002581B3 /* Assets.xcassets */,
				74DEEB2828D843AB002581B3 /* LaunchScreen.storyboard */,
				74DEEB2B28D843AB002581B3 /* Info.plist */,
			);
			path = "CloudKit-Practice";
			sourceTree = "<group>";
		};
		74DEEB3328D843AC002581B3 /* CloudKit-PracticeTests */ = {
			isa = PBXGroup;
			children = (
				74DEEB3428D843AC002581B3 /* CloudKit_PracticeTests.swift */,
			);
			path = "CloudKit-PracticeTests";
			sourceTree = "<group>";
		};
		74DEEB3D28D843AC002581B3 /* CloudKit-PracticeUITests */ = {
			isa = PBXGroup;
			children = (
				74DEEB3E28D843AC002581B3 /* CloudKit_PracticeUITests.swift */,
				74DEEB4028D843AC002581B3 /* CloudKit_PracticeUITestsLaunchTests.swift */,
			);
			path = "CloudKit-PracticeUITests";
			sourceTree = "<group>";
		};
		74DEEB4E28D843DD002581B3 /* Frameworks */ = {
			isa = PBXGroup;
			children = (
				74DEEB4F28D843DD002581B3 /* CloudKit.framework */,
			);
			name = Frameworks;
			sourceTree = "<group>";
		};
		74DEEB5F28DDA386002581B3 /* MainVC */ = {
			isa = PBXGroup;
			children = (
				74DEEB5B28DD7FE6002581B3 /* MainVC.swift */,
				74DEEB5C28DD7FE6002581B3 /* MainVC.xib */,
				74DEEB6028DDA3A5002581B3 /* NameTableViewCell.swift */,
				74DEEB6128DDA3A5002581B3 /* NameTableViewCell.xib */,
				74DEEB6428DDBA3F002581B3 /* People.swift */,
			);
			path = MainVC;
			sourceTree = "<group>";
		};
/* End PBXGroup section */

/* Begin PBXNativeTarget section */
		74DEEB1928D843AB002581B3 /* CloudKit-Practice */ = {
			isa = PBXNativeTarget;
			buildConfigurationList = 74DEEB4428D843AC002581B3 /* Build configuration list for PBXNativeTarget "CloudKit-Practice" */;
			buildPhases = (
				74DEEB1628D843AB002581B3 /* Sources */,
				74DEEB1728D843AB002581B3 /* Frameworks */,
				74DEEB1828D843AB002581B3 /* Resources */,
			);
			buildRules = (
			);
			dependencies = (
			);
			name = "CloudKit-Practice";
			productName = "CloudKit-Practice";
			productReference = 74DEEB1A28D843AB002581B3 /* CloudKit-Practice.app */;
			productType = "com.apple.product-type.application";
		};
		74DEEB2F28D843AC002581B3 /* CloudKit-PracticeTests */ = {
			isa = PBXNativeTarget;
			buildConfigurationList = 74DEEB4728D843AC002581B3 /* Build configuration list for PBXNativeTarget "CloudKit-PracticeTests" */;
			buildPhases = (
				74DEEB2C28D843AC002581B3 /* Sources */,
				74DEEB2D28D843AC002581B3 /* Frameworks */,
				74DEEB2E28D843AC002581B3 /* Resources */,
			);
			buildRules = (
			);
			dependencies = (
				74DEEB3228D843AC002581B3 /* PBXTargetDependency */,
			);
			name = "CloudKit-PracticeTests";
			productName = "CloudKit-PracticeTests";
			productReference = 74DEEB3028D843AC002581B3 /* CloudKit-PracticeTests.xctest */;
			productType = "com.apple.product-type.bundle.unit-test";
		};
		74DEEB3928D843AC002581B3 /* CloudKit-PracticeUITests */ = {
			isa = PBXNativeTarget;
			buildConfigurationList = 74DEEB4A28D843AC002581B3 /* Build configuration list for PBXNativeTarget "CloudKit-PracticeUITests" */;
			buildPhases = (
				74DEEB3628D843AC002581B3 /* Sources */,
				74DEEB3728D843AC002581B3 /* Frameworks */,
				74DEEB3828D843AC002581B3 /* Resources */,
			);
			buildRules = (
			);
			dependencies = (
				74DEEB3C28D843AC002581B3 /* PBXTargetDependency */,
			);
			name = "CloudKit-PracticeUITests";
			productName = "CloudKit-PracticeUITests";
			productReference = 74DEEB3A28D843AC002581B3 /* CloudKit-PracticeUITests.xctest */;
			productType = "com.apple.product-type.bundle.ui-testing";
		};
/* End PBXNativeTarget section */

/* Begin PBXProject section */
		74DEEB1228D843AB002581B3 /* Project object */ = {
			isa = PBXProject;
			attributes = {
				BuildIndependentTargetsInParallel = 1;
				LastSwiftUpdateCheck = 1310;
				LastUpgradeCheck = 1310;
				TargetAttributes = {
					74DEEB1928D843AB002581B3 = {
						CreatedOnToolsVersion = 13.1;
					};
					74DEEB2F28D843AC002581B3 = {
						CreatedOnToolsVersion = 13.1;
						TestTargetID = 74DEEB1928D843AB002581B3;
					};
					74DEEB3928D843AC002581B3 = {
						CreatedOnToolsVersion = 13.1;
						TestTargetID = 74DEEB1928D843AB002581B3;
					};
				};
			};
			buildConfigurationList = 74DEEB1528D843AB002581B3 /* Build configuration list for PBXProject "CloudKit-Practice" */;
			compatibilityVersion = "Xcode 13.0";
			developmentRegion = en;
			hasScannedForEncodings = 0;
			knownRegions = (
				en,
				Base,
			);
			mainGroup = 74DEEB1128D843AB002581B3;
			productRefGroup = 74DEEB1B28D843AB002581B3 /* Products */;
			projectDirPath = "";
			projectRoot = "";
			targets = (
				74DEEB1928D843AB002581B3 /* CloudKit-Practice */,
				74DEEB2F28D843AC002581B3 /* CloudKit-PracticeTests */,
				74DEEB3928D843AC002581B3 /* CloudKit-PracticeUITests */,
			);
		};
/* End PBXProject section */

/* Begin PBXResourcesBuildPhase section */
		74DEEB1828D843AB002581B3 /* Resources */ = {
			isa = PBXResourcesBuildPhase;
			buildActionMask = 2147483647;
			files = (
				74DEEB5E28DD7FE6002581B3 /* MainVC.xib in Resources */,
				74DEEB2A28D843AB002581B3 /* LaunchScreen.storyboard in Resources */,
				74DEEB6328DDA3A5002581B3 /* NameTableViewCell.xib in Resources */,
				74DEEB2728D843AB002581B3 /* Assets.xcassets in Resources */,
			);
			runOnlyForDeploymentPostprocessing = 0;
		};
		74DEEB2E28D843AC002581B3 /* Resources */ = {
			isa = PBXResourcesBuildPhase;
			buildActionMask = 2147483647;
			files = (
			);
			runOnlyForDeploymentPostprocessing = 0;
		};
		74DEEB3828D843AC002581B3 /* Resources */ = {
			isa = PBXResourcesBuildPhase;
			buildActionMask = 2147483647;
			files = (
			);
			runOnlyForDeploymentPostprocessing = 0;
		};
/* End PBXResourcesBuildPhase section */

/* Begin PBXSourcesBuildPhase section */
		74DEEB1628D843AB002581B3 /* Sources */ = {
			isa = PBXSourcesBuildPhase;
			buildActionMask = 2147483647;
			files = (
				74DEEB1E28D843AB002581B3 /* AppDelegate.swift in Sources */,
				74DEEB5D28DD7FE6002581B3 /* MainVC.swift in Sources */,
				74DEEB6228DDA3A5002581B3 /* NameTableViewCell.swift in Sources */,
				74DEEB2028D843AB002581B3 /* SceneDelegate.swift in Sources */,
				74DEEB6528DDBA3F002581B3 /* People.swift in Sources */,
			);
			runOnlyForDeploymentPostprocessing = 0;
		};
		74DEEB2C28D843AC002581B3 /* Sources */ = {
			isa = PBXSourcesBuildPhase;
			buildActionMask = 2147483647;
			files = (
				74DEEB3528D843AC002581B3 /* CloudKit_PracticeTests.swift in Sources */,
			);
			runOnlyForDeploymentPostprocessing = 0;
		};
		74DEEB3628D843AC002581B3 /* Sources */ = {
			isa = PBXSourcesBuildPhase;
			buildActionMask = 2147483647;
			files = (
				74DEEB4128D843AC002581B3 /* CloudKit_PracticeUITestsLaunchTests.swift in Sources */,
				74DEEB3F28D843AC002581B3 /* CloudKit_PracticeUITests.swift in Sources */,
			);
			runOnlyForDeploymentPostprocessing = 0;
		};
/* End PBXSourcesBuildPhase section */

/* Begin PBXTargetDependency section */
		74DEEB3228D843AC002581B3 /* PBXTargetDependency */ = {
			isa = PBXTargetDependency;
			target = 74DEEB1928D843AB002581B3 /* CloudKit-Practice */;
			targetProxy = 74DEEB3128D843AC002581B3 /* PBXContainerItemProxy */;
		};
		74DEEB3C28D843AC002581B3 /* PBXTargetDependency */ = {
			isa = PBXTargetDependency;
			target = 74DEEB1928D843AB002581B3 /* CloudKit-Practice */;
			targetProxy = 74DEEB3B28D843AC002581B3 /* PBXContainerItemProxy */;
		};
/* End PBXTargetDependency section */

/* Begin PBXVariantGroup section */
		74DEEB2828D843AB002581B3 /* LaunchScreen.storyboard */ = {
			isa = PBXVariantGroup;
			children = (
				74DEEB2928D843AB002581B3 /* Base */,
			);
			name = LaunchScreen.storyboard;
			sourceTree = "<group>";
		};
/* End PBXVariantGroup section */

/* Begin XCBuildConfiguration section */
		74DEEB4228D843AC002581B3 /* Debug */ = {
			isa = XCBuildConfiguration;
			buildSettings = {
				ALWAYS_SEARCH_USER_PATHS = NO;
				CLANG_ANALYZER_NONNULL = YES;
				CLANG_ANALYZER_NUMBER_OBJECT_CONVERSION = YES_AGGRESSIVE;
				CLANG_CXX_LANGUAGE_STANDARD = "gnu++17";
				CLANG_CXX_LIBRARY = "libc++";
				CLANG_ENABLE_MODULES = YES;
				CLANG_ENABLE_OBJC_ARC = YES;
				CLANG_ENABLE_OBJC_WEAK = YES;
				CLANG_WARN_BLOCK_CAPTURE_AUTORELEASING = YES;
				CLANG_WARN_BOOL_CONVERSION = YES;
				CLANG_WARN_COMMA = YES;
				CLANG_WARN_CONSTANT_CONVERSION = YES;
				CLANG_WARN_DEPRECATED_OBJC_IMPLEMENTATIONS = YES;
				CLANG_WARN_DIRECT_OBJC_ISA_USAGE = YES_ERROR;
				CLANG_WARN_DOCUMENTATION_COMMENTS = YES;
				CLANG_WARN_EMPTY_BODY = YES;
				CLANG_WARN_ENUM_CONVERSION = YES;
				CLANG_WARN_INFINITE_RECURSION = YES;
				CLANG_WARN_INT_CONVERSION = YES;
				CLANG_WARN_NON_LITERAL_NULL_CONVERSION = YES;
				CLANG_WARN_OBJC_IMPLICIT_RETAIN_SELF = YES;
				CLANG_WARN_OBJC_LITERAL_CONVERSION = YES;
				CLANG_WARN_OBJC_ROOT_CLASS = YES_ERROR;
				CLANG_WARN_QUOTED_INCLUDE_IN_FRAMEWORK_HEADER = YES;
				CLANG_WARN_RANGE_LOOP_ANALYSIS = YES;
				CLANG_WARN_STRICT_PROTOTYPES = YES;
				CLANG_WARN_SUSPICIOUS_MOVE = YES;
				CLANG_WARN_UNGUARDED_AVAILABILITY = YES_AGGRESSIVE;
				CLANG_WARN_UNREACHABLE_CODE = YES;
				CLANG_WARN__DUPLICATE_METHOD_MATCH = YES;
				COPY_PHASE_STRIP = NO;
				DEBUG_INFORMATION_FORMAT = dwarf;
				ENABLE_STRICT_OBJC_MSGSEND = YES;
				ENABLE_TESTABILITY = YES;
				GCC_C_LANGUAGE_STANDARD = gnu11;
				GCC_DYNAMIC_NO_PIC = NO;
				GCC_NO_COMMON_BLOCKS = YES;
				GCC_OPTIMIZATION_LEVEL = 0;
				GCC_PREPROCESSOR_DEFINITIONS = (
					"DEBUG=1",
					"$(inherited)",
				);
				GCC_WARN_64_TO_32_BIT_CONVERSION = YES;
				GCC_WARN_ABOUT_RETURN_TYPE = YES_ERROR;
				GCC_WARN_UNDECLARED_SELECTOR = YES;
				GCC_WARN_UNINITIALIZED_AUTOS = YES_AGGRESSIVE;
				GCC_WARN_UNUSED_FUNCTION = YES;
				GCC_WARN_UNUSED_VARIABLE = YES;
				IPHONEOS_DEPLOYMENT_TARGET = 15.0;
				MTL_ENABLE_DEBUG_INFO = INCLUDE_SOURCE;
				MTL_FAST_MATH = YES;
				ONLY_ACTIVE_ARCH = YES;
				SDKROOT = iphoneos;
				SWIFT_ACTIVE_COMPILATION_CONDITIONS = DEBUG;
				SWIFT_OPTIMIZATION_LEVEL = "-Onone";
			};
			name = Debug;
		};
		74DEEB4328D843AC002581B3 /* Release */ = {
			isa = XCBuildConfiguration;
			buildSettings = {
				ALWAYS_SEARCH_USER_PATHS = NO;
				CLANG_ANALYZER_NONNULL = YES;
				CLANG_ANALYZER_NUMBER_OBJECT_CONVERSION = YES_AGGRESSIVE;
				CLANG_CXX_LANGUAGE_STANDARD = "gnu++17";
				CLANG_CXX_LIBRARY = "libc++";
				CLANG_ENABLE_MODULES = YES;
				CLANG_ENABLE_OBJC_ARC = YES;
				CLANG_ENABLE_OBJC_WEAK = YES;
				CLANG_WARN_BLOCK_CAPTURE_AUTORELEASING = YES;
				CLANG_WARN_BOOL_CONVERSION = YES;
				CLANG_WARN_COMMA = YES;
				CLANG_WARN_CONSTANT_CONVERSION = YES;
				CLANG_WARN_DEPRECATED_OBJC_IMPLEMENTATIONS = YES;
				CLANG_WARN_DIRECT_OBJC_ISA_USAGE = YES_ERROR;
				CLANG_WARN_DOCUMENTATION_COMMENTS = YES;
				CLANG_WARN_EMPTY_BODY = YES;
				CLANG_WARN_ENUM_CONVERSION = YES;
				CLANG_WARN_INFINITE_RECURSION = YES;
				CLANG_WARN_INT_CONVERSION = YES;
				CLANG_WARN_NON_LITERAL_NULL_CONVERSION = YES;
				CLANG_WARN_OBJC_IMPLICIT_RETAIN_SELF = YES;
				CLANG_WARN_OBJC_LITERAL_CONVERSION = YES;
				CLANG_WARN_OBJC_ROOT_CLASS = YES_ERROR;
				CLANG_WARN_QUOTED_INCLUDE_IN_FRAMEWORK_HEADER = YES;
				CLANG_WARN_RANGE_LOOP_ANALYSIS = YES;
				CLANG_WARN_STRICT_PROTOTYPES = YES;
				CLANG_WARN_SUSPICIOUS_MOVE = YES;
				CLANG_WARN_UNGUARDED_AVAILABILITY = YES_AGGRESSIVE;
				CLANG_WARN_UNREACHABLE_CODE = YES;
				CLANG_WARN__DUPLICATE_METHOD_MATCH = YES;
				COPY_PHASE_STRIP = NO;
				DEBUG_INFORMATION_FORMAT = "dwarf-with-dsym";
				ENABLE_NS_ASSERTIONS = NO;
				ENABLE_STRICT_OBJC_MSGSEND = YES;
				GCC_C_LANGUAGE_STANDARD = gnu11;
				GCC_NO_COMMON_BLOCKS = YES;
				GCC_WARN_64_TO_32_BIT_CONVERSION = YES;
				GCC_WARN_ABOUT_RETURN_TYPE = YES_ERROR;
				GCC_WARN_UNDECLARED_SELECTOR = YES;
				GCC_WARN_UNINITIALIZED_AUTOS = YES_AGGRESSIVE;
				GCC_WARN_UNUSED_FUNCTION = YES;
				GCC_WARN_UNUSED_VARIABLE = YES;
				IPHONEOS_DEPLOYMENT_TARGET = 15.0;
				MTL_ENABLE_DEBUG_INFO = NO;
				MTL_FAST_MATH = YES;
				SDKROOT = iphoneos;
				SWIFT_COMPILATION_MODE = wholemodule;
				SWIFT_OPTIMIZATION_LEVEL = "-O";
				VALIDATE_PRODUCT = YES;
			};
			name = Release;
		};
		74DEEB4528D843AC002581B3 /* Debug */ = {
			isa = XCBuildConfiguration;
			buildSettings = {
				ASSETCATALOG_COMPILER_APPICON_NAME = AppIcon;
				ASSETCATALOG_COMPILER_GLOBAL_ACCENT_COLOR_NAME = AccentColor;
				CODE_SIGN_ENTITLEMENTS = "CloudKit-Practice/CloudKit-Practice.entitlements";
				CODE_SIGN_STYLE = Automatic;
				CURRENT_PROJECT_VERSION = 1;
				DEVELOPMENT_TEAM = S8FBP4YLUA;
				GENERATE_INFOPLIST_FILE = YES;
				INFOPLIST_FILE = "CloudKit-Practice/Info.plist";
				INFOPLIST_KEY_NSMainNibFile = MainVC;
				INFOPLIST_KEY_UIApplicationSupportsIndirectInputEvents = YES;
				INFOPLIST_KEY_UILaunchStoryboardName = LaunchScreen;
				INFOPLIST_KEY_UISupportedInterfaceOrientations_iPad = "UIInterfaceOrientationPortrait UIInterfaceOrientationPortraitUpsideDown UIInterfaceOrientationLandscapeLeft UIInterfaceOrientationLandscapeRight";
				INFOPLIST_KEY_UISupportedInterfaceOrientations_iPhone = "UIInterfaceOrientationPortrait UIInterfaceOrientationLandscapeLeft UIInterfaceOrientationLandscapeRight";
				LD_RUNPATH_SEARCH_PATHS = (
					"$(inherited)",
					"@executable_path/Frameworks",
				);
				MARKETING_VERSION = 1.0;
				PRODUCT_BUNDLE_IDENTIFIER = "iOS.CloudKit-Practice";
				PRODUCT_NAME = "$(TARGET_NAME)";
				SWIFT_EMIT_LOC_STRINGS = YES;
				SWIFT_VERSION = 5.0;
				TARGETED_DEVICE_FAMILY = "1,2";
			};
			name = Debug;
		};
		74DEEB4628D843AC002581B3 /* Release */ = {
			isa = XCBuildConfiguration;
			buildSettings = {
				ASSETCATALOG_COMPILER_APPICON_NAME = AppIcon;
				ASSETCATALOG_COMPILER_GLOBAL_ACCENT_COLOR_NAME = AccentColor;
				CODE_SIGN_ENTITLEMENTS = "CloudKit-Practice/CloudKit-Practice.entitlements";
				CODE_SIGN_STYLE = Automatic;
				CURRENT_PROJECT_VERSION = 1;
				DEVELOPMENT_TEAM = S8FBP4YLUA;
				GENERATE_INFOPLIST_FILE = YES;
				INFOPLIST_FILE = "CloudKit-Practice/Info.plist";
				INFOPLIST_KEY_NSMainNibFile = MainVC;
				INFOPLIST_KEY_UIApplicationSupportsIndirectInputEvents = YES;
				INFOPLIST_KEY_UILaunchStoryboardName = LaunchScreen;
				INFOPLIST_KEY_UISupportedInterfaceOrientations_iPad = "UIInterfaceOrientationPortrait UIInterfaceOrientationPortraitUpsideDown UIInterfaceOrientationLandscapeLeft UIInterfaceOrientationLandscapeRight";
				INFOPLIST_KEY_UISupportedInterfaceOrientations_iPhone = "UIInterfaceOrientationPortrait UIInterfaceOrientationLandscapeLeft UIInterfaceOrientationLandscapeRight";
				LD_RUNPATH_SEARCH_PATHS = (
					"$(inherited)",
					"@executable_path/Frameworks",
				);
				MARKETING_VERSION = 1.0;
				PRODUCT_BUNDLE_IDENTIFIER = "iOS.CloudKit-Practice";
				PRODUCT_NAME = "$(TARGET_NAME)";
				SWIFT_EMIT_LOC_STRINGS = YES;
				SWIFT_VERSION = 5.0;
				TARGETED_DEVICE_FAMILY = "1,2";
			};
			name = Release;
		};
		74DEEB4828D843AC002581B3 /* Debug */ = {
			isa = XCBuildConfiguration;
			buildSettings = {
				ALWAYS_EMBED_SWIFT_STANDARD_LIBRARIES = YES;
				BUNDLE_LOADER = "$(TEST_HOST)";
				CODE_SIGN_STYLE = Automatic;
				CURRENT_PROJECT_VERSION = 1;
				DEVELOPMENT_TEAM = S8FBP4YLUA;
				GENERATE_INFOPLIST_FILE = YES;
				IPHONEOS_DEPLOYMENT_TARGET = 15.0;
				LD_RUNPATH_SEARCH_PATHS = (
					"$(inherited)",
					"@executable_path/Frameworks",
					"@loader_path/Frameworks",
				);
				MARKETING_VERSION = 1.0;
				PRODUCT_BUNDLE_IDENTIFIER = "iOS.CloudKit-PracticeTests";
				PRODUCT_NAME = "$(TARGET_NAME)";
				SWIFT_EMIT_LOC_STRINGS = NO;
				SWIFT_VERSION = 5.0;
				TARGETED_DEVICE_FAMILY = "1,2";
				TEST_HOST = "$(BUILT_PRODUCTS_DIR)/CloudKit-Practice.app/CloudKit-Practice";
			};
			name = Debug;
		};
		74DEEB4928D843AC002581B3 /* Release */ = {
			isa = XCBuildConfiguration;
			buildSettings = {
				ALWAYS_EMBED_SWIFT_STANDARD_LIBRARIES = YES;
				BUNDLE_LOADER = "$(TEST_HOST)";
				CODE_SIGN_STYLE = Automatic;
				CURRENT_PROJECT_VERSION = 1;
				DEVELOPMENT_TEAM = S8FBP4YLUA;
				GENERATE_INFOPLIST_FILE = YES;
				IPHONEOS_DEPLOYMENT_TARGET = 15.0;
				LD_RUNPATH_SEARCH_PATHS = (
					"$(inherited)",
					"@executable_path/Frameworks",
					"@loader_path/Frameworks",
				);
				MARKETING_VERSION = 1.0;
				PRODUCT_BUNDLE_IDENTIFIER = "iOS.CloudKit-PracticeTests";
				PRODUCT_NAME = "$(TARGET_NAME)";
				SWIFT_EMIT_LOC_STRINGS = NO;
				SWIFT_VERSION = 5.0;
				TARGETED_DEVICE_FAMILY = "1,2";
				TEST_HOST = "$(BUILT_PRODUCTS_DIR)/CloudKit-Practice.app/CloudKit-Practice";
			};
			name = Release;
		};
		74DEEB4B28D843AC002581B3 /* Debug */ = {
			isa = XCBuildConfiguration;
			buildSettings = {
				ALWAYS_EMBED_SWIFT_STANDARD_LIBRARIES = YES;
				CODE_SIGN_STYLE = Automatic;
				CURRENT_PROJECT_VERSION = 1;
				DEVELOPMENT_TEAM = S8FBP4YLUA;
				GENERATE_INFOPLIST_FILE = YES;
				LD_RUNPATH_SEARCH_PATHS = (
					"$(inherited)",
					"@executable_path/Frameworks",
					"@loader_path/Frameworks",
				);
				MARKETING_VERSION = 1.0;
				PRODUCT_BUNDLE_IDENTIFIER = "iOS.CloudKit-PracticeUITests";
				PRODUCT_NAME = "$(TARGET_NAME)";
				SWIFT_EMIT_LOC_STRINGS = NO;
				SWIFT_VERSION = 5.0;
				TARGETED_DEVICE_FAMILY = "1,2";
				TEST_TARGET_NAME = "CloudKit-Practice";
			};
			name = Debug;
		};
		74DEEB4C28D843AC002581B3 /* Release */ = {
			isa = XCBuildConfiguration;
			buildSettings = {
				ALWAYS_EMBED_SWIFT_STANDARD_LIBRARIES = YES;
				CODE_SIGN_STYLE = Automatic;
				CURRENT_PROJECT_VERSION = 1;
				DEVELOPMENT_TEAM = S8FBP4YLUA;
				GENERATE_INFOPLIST_FILE = YES;
				LD_RUNPATH_SEARCH_PATHS = (
					"$(inherited)",
					"@executable_path/Frameworks",
					"@loader_path/Frameworks",
				);
				MARKETING_VERSION = 1.0;
				PRODUCT_BUNDLE_IDENTIFIER = "iOS.CloudKit-PracticeUITests";
				PRODUCT_NAME = "$(TARGET_NAME)";
				SWIFT_EMIT_LOC_STRINGS = NO;
				SWIFT_VERSION = 5.0;
				TARGETED_DEVICE_FAMILY = "1,2";
				TEST_TARGET_NAME = "CloudKit-Practice";
			};
			name = Release;
		};
/* End XCBuildConfiguration section */

/* Begin XCConfigurationList section */
		74DEEB1528D843AB002581B3 /* Build configuration list for PBXProject "CloudKit-Practice" */ = {
			isa = XCConfigurationList;
			buildConfigurations = (
				74DEEB4228D843AC002581B3 /* Debug */,
				74DEEB4328D843AC002581B3 /* Release */,
			);
			defaultConfigurationIsVisible = 0;
			defaultConfigurationName = Release;
		};
		74DEEB4428D843AC002581B3 /* Build configuration list for PBXNativeTarget "CloudKit-Practice" */ = {
			isa = XCConfigurationList;
			buildConfigurations = (
				74DEEB4528D843AC002581B3 /* Debug */,
				74DEEB4628D843AC002581B3 /* Release */,
			);
			defaultConfigurationIsVisible = 0;
			defaultConfigurationName = Release;
		};
		74DEEB4728D843AC002581B3 /* Build configuration list for PBXNativeTarget "CloudKit-PracticeTests" */ = {
			isa = XCConfigurationList;
			buildConfigurations = (
				74DEEB4828D843AC002581B3 /* Debug */,
				74DEEB4928D843AC002581B3 /* Release */,
			);
			defaultConfigurationIsVisible = 0;
			defaultConfigurationName = Release;
		};
		74DEEB4A28D843AC002581B3 /* Build configuration list for PBXNativeTarget "CloudKit-PracticeUITests" */ = {
			isa = XCConfigurationList;
			buildConfigurations = (
				74DEEB4B28D843AC002581B3 /* Debug */,
				74DEEB4C28D843AC002581B3 /* Release */,
			);
			defaultConfigurationIsVisible = 0;
			defaultConfigurationName = Release;
		};
/* End XCConfigurationList section */
	};
	rootObject = 74DEEB1228D843AB002581B3 /* Project object */;
}
